{
  "name": "my-application",
  "version": "1.0.0",
  "lockfileVersion": 3,
  "requires": true,
  "packages": {
    "": {
      "name": "my-application",
      "version": "1.0.0",
      "license": "ISC",
      "workspaces": [
        "apps/satu",
        "apps/dua",
        "packages/ui"
      ]
    },
    "apps/dua": {
      "version": "1.0.0",
      "license": "ISC",
      "devDependencies": {}
    },
    "apps/satu": {
      "version": "1.0.0",
      "license": "ISC"
    },
    "node_modules/dua": {
      "resolved": "apps/dua",
      "link": true
    },
    "node_modules/satu": {
      "resolved": "apps/satu",
      "link": true
    },
    "node_modules/ui": {
      "resolved": "packages/ui",
      "link": true
    },
    "packages/ui": {
      "version": "1.0.0",
      "license": "ISC",
      "devDependencies": {}
    }
  }
}
